
Microsoft Visual Studio Solution File, Format Version 12.00
# Visual Studio Version 17
VisualStudioVersion = 17.5.002.0
MinimumVisualStudioVersion = 10.0.40219.1
Project("{9A19103F-16F7-4668-BE54-9A1E7A4F7556}") = "eDiary_web_service", "eDiary_web_service.csproj", "{64DAE1A1-79D8-45CB-BE1F-D0965BFEC097}"
EndProject
Global
	GlobalSection(SolutionConfigurationPlatforms) = preSolution
		Debug|Any CPU = Debug|Any CPU
		Release|Any CPU = Release|Any CPU
	EndGlobalSection
	GlobalSection(ProjectConfigurationPlatforms) = postSolution
		{64DAE1A1-79D8-45CB-BE1F-D0965BFEC097}.Debug|Any CPU.ActiveCfg = Debug|Any CPU
		{64DAE1A1-79D8-45CB-BE1F-D0965BFEC097}.Debug|Any CPU.Build.0 = Debug|Any CPU
		{64DAE1A1-79D8-45CB-BE1F-D0965BFEC097}.Release|Any CPU.ActiveCfg = Release|Any CPU
		{64DAE1A1-79D8-45CB-BE1F-D0965BFEC097}.Release|Any CPU.Build.0 = Release|Any CPU
		{5D8C3763-7C6D-4B49-802A-B2F7AC5E752D}.Debug|Any CPU.ActiveCfg = Debug|Any CPU
		{5D8C3763-7C6D-4B49-802A-B2F7AC5E752D}.Debug|Any CPU.Build.0 = Debug|Any CPU
		{5D8C3763-7C6D-4B49-802A-B2F7AC5E752D}.Release|Any CPU.ActiveCfg = Release|Any CPU
		{5D8C3763-7C6D-4B49-802A-B2F7AC5E752D}.Release|Any CPU.Build.0 = Release|Any CPU
		{38D8BD40-9013-4B06-B211-AFBEA252EEB8}.Debug|Any CPU.ActiveCfg = Debug|Any CPU
		{38D8BD40-9013-4B06-B211-AFBEA252EEB8}.Debug|Any CPU.Build.0 = Debug|Any CPU
		{38D8BD40-9013-4B06-B211-AFBEA252EEB8}.Release|Any CPU.ActiveCfg = Release|Any CPU
		{38D8BD40-9013-4B06-B211-AFBEA252EEB8}.Release|Any CPU.Build.0 = Release|Any CPU
	EndGlobalSection
	GlobalSection(SolutionProperties) = preSolution
		HideSolutionNode = FALSE
	EndGlobalSection
	GlobalSection(ExtensibilityGlobals) = postSolution
		SolutionGuid = {7621E83B-CCEA-421D-B871-0CAD7B3020E0}
	EndGlobalSection
EndGlobal
