// !$*UTF8*$!
{
	archiveVersion = 1;
	classes = {
	};
	objectVersion = 56;
	objects = {

/* Begin PBXBuildFile section */
		20B7DED42B6ED765007FC5E4 /* eDiary_iOSApp.swift in Sources */ = {isa = PBXBuildFile; fileRef = 20B7DED32B6ED765007FC5E4 /* eDiary_iOSApp.swift */; };
		20B7DED62B6ED765007FC5E4 /* ContentView.swift in Sources */ = {isa = PBXBuildFile; fileRef = 20B7DED52B6ED765007FC5E4 /* ContentView.swift */; };
		20B7DED82B6ED765007FC5E4 /* Item.swift in Sources */ = {isa = PBXBuildFile; fileRef = 20B7DED72B6ED765007FC5E4 /* Item.swift */; };
		20B7DEDA2B6ED767007FC5E4 /* Assets.xcassets in Resources */ = {isa = PBXBuildFile; fileRef = 20B7DED92B6ED767007FC5E4 /* Assets.xcassets */; };
		20B7DEDD2B6ED767007FC5E4 /* Preview Assets.xcassets in Resources */ = {isa = PBXBuildFile; fileRef = 20B7DEDC2B6ED767007FC5E4 /* Preview Assets.xcassets */; };
		20B7DEE72B6ED767007FC5E4 /* eDiary_iOSTests.swift in Sources */ = {isa = PBXBuildFile; fileRef = 20B7DEE62B6ED767007FC5E4 /* eDiary_iOSTests.swift */; };
		20B7DEF12B6ED767007FC5E4 /* eDiary_iOSUITests.swift in Sources */ = {isa = PBXBuildFile; fileRef = 20B7DEF02B6ED767007FC5E4 /* eDiary_iOSUITests.swift */; };
		20B7DEF32B6ED767007FC5E4 /* eDiary_iOSUITestsLaunchTests.swift in Sources */ = {isa = PBXBuildFile; fileRef = 20B7DEF22B6ED767007FC5E4 /* eDiary_iOSUITestsLaunchTests.swift */; };
/* End PBXBuildFile section */

/* Begin PBXContainerItemProxy section */
		20B7DEE32B6ED767007FC5E4 /* PBXContainerItemProxy */ = {
			isa = PBXContainerItemProxy;
			containerPortal = 20B7DEC82B6ED765007FC5E4 /* Project object */;
			proxyType = 1;
			remoteGlobalIDString = 20B7DECF2B6ED765007FC5E4;
			remoteInfo = eDiary_iOS;
		};
		20B7DEED2B6ED767007FC5E4 /* PBXContainerItemProxy */ = {
			isa = PBXContainerItemProxy;
			containerPortal = 20B7DEC82B6ED765007FC5E4 /* Project object */;
			proxyType = 1;
			remoteGlobalIDString = 20B7DECF2B6ED765007FC5E4;
			remoteInfo = eDiary_iOS;
		};
/* End PBXContainerItemProxy section */

/* Begin PBXFileReference section */
		20B7DED02B6ED765007FC5E4 /* eDiary_iOS.app */ = {isa = PBXFileReference; explicitFileType = wrapper.application; includeInIndex = 0; path = eDiary_iOS.app; sourceTree = BUILT_PRODUCTS_DIR; };
		20B7DED32B6ED765007FC5E4 /* eDiary_iOSApp.swift */ = {isa = PBXFileReference; lastKnownFileType = sourcecode.swift; path = eDiary_iOSApp.swift; sourceTree = "<group>"; };
		20B7DED52B6ED765007FC5E4 /* ContentView.swift */ = {isa = PBXFileReference; lastKnownFileType = sourcecode.swift; path = ContentView.swift; sourceTree = "<group>"; };
		20B7DED72B6ED765007FC5E4 /* Item.swift */ = {isa = PBXFileReference; lastKnownFileType = sourcecode.swift; path = Item.swift; sourceTree = "<group>"; };
		20B7DED92B6ED767007FC5E4 /* Assets.xcassets */ = {isa = PBXFileReference; lastKnownFileType = folder.assetcatalog; path = Assets.xcassets; sourceTree = "<group>"; };
		20B7DEDC2B6ED767007FC5E4 /* Preview Assets.xcassets */ = {isa = PBXFileReference; lastKnownFileType = folder.assetcatalog; path = "Preview Assets.xcassets"; sourceTree = "<group>"; };
		20B7DEE22B6ED767007FC5E4 /* eDiary_iOSTests.xctest */ = {isa = PBXFileReference; explicitFileType = wrapper.cfbundle; includeInIndex = 0; path = eDiary_iOSTests.xctest; sourceTree = BUILT_PRODUCTS_DIR; };
		20B7DEE62B6ED767007FC5E4 /* eDiary_iOSTests.swift */ = {isa = PBXFileReference; lastKnownFileType = sourcecode.swift; path = eDiary_iOSTests.swift; sourceTree = "<group>"; };
		20B7DEEC2B6ED767007FC5E4 /* eDiary_iOSUITests.xctest */ = {isa = PBXFileReference; explicitFileType = wrapper.cfbundle; includeInIndex = 0; path = eDiary_iOSUITests.xctest; sourceTree = BUILT_PRODUCTS_DIR; };
		20B7DEF02B6ED767007FC5E4 /* eDiary_iOSUITests.swift */ = {isa = PBXFileReference; lastKnownFileType = sourcecode.swift; path = eDiary_iOSUITests.swift; sourceTree = "<group>"; };
		20B7DEF22B6ED767007FC5E4 /* eDiary_iOSUITestsLaunchTests.swift */ = {isa = PBXFileReference; lastKnownFileType = sourcecode.swift; path = eDiary_iOSUITestsLaunchTests.swift; sourceTree = "<group>"; };
/* End PBXFileReference section */

/* Begin PBXFrameworksBuildPhase section */
		20B7DECD2B6ED765007FC5E4 /* Frameworks */ = {
			isa = PBXFrameworksBuildPhase;
			buildActionMask = 2147483647;
			files = (
			);
			runOnlyForDeploymentPostprocessing = 0;
		};
		20B7DEDF2B6ED767007FC5E4 /* Frameworks */ = {
			isa = PBXFrameworksBuildPhase;
			buildActionMask = 2147483647;
			files = (
			);
			runOnlyForDeploymentPostprocessing = 0;
		};
		20B7DEE92B6ED767007FC5E4 /* Frameworks */ = {
			isa = PBXFrameworksBuildPhase;
			buildActionMask = 2147483647;
			files = (
			);
			runOnlyForDeploymentPostprocessing = 0;
		};
/* End PBXFrameworksBuildPhase section */

/* Begin PBXGroup section */
		20B7DEC72B6ED765007FC5E4 = {
			isa = PBXGroup;
			children = (
				20B7DED22B6ED765007FC5E4 /* eDiary_iOS */,
				20B7DEE52B6ED767007FC5E4 /* eDiary_iOSTests */,
				20B7DEEF2B6ED767007FC5E4 /* eDiary_iOSUITests */,
				20B7DED12B6ED765007FC5E4 /* Products */,
			);
			sourceTree = "<group>";
		};
		20B7DED12B6ED765007FC5E4 /* Products */ = {
			isa = PBXGroup;
			children = (
				20B7DED02B6ED765007FC5E4 /* eDiary_iOS.app */,
				20B7DEE22B6ED767007FC5E4 /* eDiary_iOSTests.xctest */,
				20B7DEEC2B6ED767007FC5E4 /* eDiary_iOSUITests.xctest */,
			);
			name = Products;
			sourceTree = "<group>";
		};
		20B7DED22B6ED765007FC5E4 /* eDiary_iOS */ = {
			isa = PBXGroup;
			children = (
				20B7DF002B6ED784007FC5E4 /* model */,
				20B7DEFF2B6ED774007FC5E4 /* screens */,
				20B7DED32B6ED765007FC5E4 /* eDiary_iOSApp.swift */,
				20B7DED52B6ED765007FC5E4 /* ContentView.swift */,
				20B7DED72B6ED765007FC5E4 /* Item.swift */,
				20B7DED92B6ED767007FC5E4 /* Assets.xcassets */,
				20B7DEDB2B6ED767007FC5E4 /* Preview Content */,
			);
			path = eDiary_iOS;
			sourceTree = "<group>";
		};
		20B7DEDB2B6ED767007FC5E4 /* Preview Content */ = {
			isa = PBXGroup;
			children = (
				20B7DEDC2B6ED767007FC5E4 /* Preview Assets.xcassets */,
			);
			path = "Preview Content";
			sourceTree = "<group>";
		};
		20B7DEE52B6ED767007FC5E4 /* eDiary_iOSTests */ = {
			isa = PBXGroup;
			children = (
				20B7DEE62B6ED767007FC5E4 /* eDiary_iOSTests.swift */,
			);
			path = eDiary_iOSTests;
			sourceTree = "<group>";
		};
		20B7DEEF2B6ED767007FC5E4 /* eDiary_iOSUITests */ = {
			isa = PBXGroup;
			children = (
				20B7DEF02B6ED767007FC5E4 /* eDiary_iOSUITests.swift */,
				20B7DEF22B6ED767007FC5E4 /* eDiary_iOSUITestsLaunchTests.swift */,
			);
			path = eDiary_iOSUITests;
			sourceTree = "<group>";
		};
		20B7DEFF2B6ED774007FC5E4 /* screens */ = {
			isa = PBXGroup;
			children = (
			);
			path = screens;
			sourceTree = "<group>";
		};
		20B7DF002B6ED784007FC5E4 /* model */ = {
			isa = PBXGroup;
			children = (
			);
			path = model;
			sourceTree = "<group>";
		};
/* End PBXGroup section */

/* Begin PBXNativeTarget section */
		20B7DECF2B6ED765007FC5E4 /* eDiary_iOS */ = {
			isa = PBXNativeTarget;
			buildConfigurationList = 20B7DEF62B6ED767007FC5E4 /* Build configuration list for PBXNativeTarget "eDiary_iOS" */;
			buildPhases = (
				20B7DECC2B6ED765007FC5E4 /* Sources */,
				20B7DECD2B6ED765007FC5E4 /* Frameworks */,
				20B7DECE2B6ED765007FC5E4 /* Resources */,
			);
			buildRules = (
			);
			dependencies = (
			);
			name = eDiary_iOS;
			productName = eDiary_iOS;
			productReference = 20B7DED02B6ED765007FC5E4 /* eDiary_iOS.app */;
			productType = "com.apple.product-type.application";
		};
		20B7DEE12B6ED767007FC5E4 /* eDiary_iOSTests */ = {
			isa = PBXNativeTarget;
			buildConfigurationList = 20B7DEF92B6ED767007FC5E4 /* Build configuration list for PBXNativeTarget "eDiary_iOSTests" */;
			buildPhases = (
				20B7DEDE2B6ED767007FC5E4 /* Sources */,
				20B7DEDF2B6ED767007FC5E4 /* Frameworks */,
				20B7DEE02B6ED767007FC5E4 /* Resources */,
			);
			buildRules = (
			);
			dependencies = (
				20B7DEE42B6ED767007FC5E4 /* PBXTargetDependency */,
			);
			name = eDiary_iOSTests;
			productName = eDiary_iOSTests;
			productReference = 20B7DEE22B6ED767007FC5E4 /* eDiary_iOSTests.xctest */;
			productType = "com.apple.product-type.bundle.unit-test";
		};
		20B7DEEB2B6ED767007FC5E4 /* eDiary_iOSUITests */ = {
			isa = PBXNativeTarget;
			buildConfigurationList = 20B7DEFC2B6ED767007FC5E4 /* Build configuration list for PBXNativeTarget "eDiary_iOSUITests" */;
			buildPhases = (
				20B7DEE82B6ED767007FC5E4 /* Sources */,
				20B7DEE92B6ED767007FC5E4 /* Frameworks */,
				20B7DEEA2B6ED767007FC5E4 /* Resources */,
			);
			buildRules = (
			);
			dependencies = (
				20B7DEEE2B6ED767007FC5E4 /* PBXTargetDependency */,
			);
			name = eDiary_iOSUITests;
			productName = eDiary_iOSUITests;
			productReference = 20B7DEEC2B6ED767007FC5E4 /* eDiary_iOSUITests.xctest */;
			productType = "com.apple.product-type.bundle.ui-testing";
		};
/* End PBXNativeTarget section */

/* Begin PBXProject section */
		20B7DEC82B6ED765007FC5E4 /* Project object */ = {
			isa = PBXProject;
			attributes = {
				BuildIndependentTargetsInParallel = 1;
				LastSwiftUpdateCheck = 1500;
				LastUpgradeCheck = 1500;
				TargetAttributes = {
					20B7DECF2B6ED765007FC5E4 = {
						CreatedOnToolsVersion = 15.0.1;
					};
					20B7DEE12B6ED767007FC5E4 = {
						CreatedOnToolsVersion = 15.0.1;
						TestTargetID = 20B7DECF2B6ED765007FC5E4;
					};
					20B7DEEB2B6ED767007FC5E4 = {
						CreatedOnToolsVersion = 15.0.1;
						TestTargetID = 20B7DECF2B6ED765007FC5E4;
					};
				};
			};
			buildConfigurationList = 20B7DECB2B6ED765007FC5E4 /* Build configuration list for PBXProject "eDiary_iOS" */;
			compatibilityVersion = "Xcode 14.0";
			developmentRegion = en;
			hasScannedForEncodings = 0;
			knownRegions = (
				en,
				Base,
			);
			mainGroup = 20B7DEC72B6ED765007FC5E4;
			productRefGroup = 20B7DED12B6ED765007FC5E4 /* Products */;
			projectDirPath = "";
			projectRoot = "";
			targets = (
				20B7DECF2B6ED765007FC5E4 /* eDiary_iOS */,
				20B7DEE12B6ED767007FC5E4 /* eDiary_iOSTests */,
				20B7DEEB2B6ED767007FC5E4 /* eDiary_iOSUITests */,
			);
		};
/* End PBXProject section */

/* Begin PBXResourcesBuildPhase section */
		20B7DECE2B6ED765007FC5E4 /* Resources */ = {
			isa = PBXResourcesBuildPhase;
			buildActionMask = 2147483647;
			files = (
				20B7DEDD2B6ED767007FC5E4 /* Preview Assets.xcassets in Resources */,
				20B7DEDA2B6ED767007FC5E4 /* Assets.xcassets in Resources */,
			);
			runOnlyForDeploymentPostprocessing = 0;
		};
		20B7DEE02B6ED767007FC5E4 /* Resources */ = {
			isa = PBXResourcesBuildPhase;
			buildActionMask = 2147483647;
			files = (
			);
			runOnlyForDeploymentPostprocessing = 0;
		};
		20B7DEEA2B6ED767007FC5E4 /* Resources */ = {
			isa = PBXResourcesBuildPhase;
			buildActionMask = 2147483647;
			files = (
			);
			runOnlyForDeploymentPostprocessing = 0;
		};
/* End PBXResourcesBuildPhase section */

/* Begin PBXSourcesBuildPhase section */
		20B7DECC2B6ED765007FC5E4 /* Sources */ = {
			isa = PBXSourcesBuildPhase;
			buildActionMask = 2147483647;
			files = (
				20B7DED62B6ED765007FC5E4 /* ContentView.swift in Sources */,
				20B7DED82B6ED765007FC5E4 /* Item.swift in Sources */,
				20B7DED42B6ED765007FC5E4 /* eDiary_iOSApp.swift in Sources */,
			);
			runOnlyForDeploymentPostprocessing = 0;
		};
		20B7DEDE2B6ED767007FC5E4 /* Sources */ = {
			isa = PBXSourcesBuildPhase;
			buildActionMask = 2147483647;
			files = (
				20B7DEE72B6ED767007FC5E4 /* eDiary_iOSTests.swift in Sources */,
			);
			runOnlyForDeploymentPostprocessing = 0;
		};
		20B7DEE82B6ED767007FC5E4 /* Sources */ = {
			isa = PBXSourcesBuildPhase;
			buildActionMask = 2147483647;
			files = (
				20B7DEF32B6ED767007FC5E4 /* eDiary_iOSUITestsLaunchTests.swift in Sources */,
				20B7DEF12B6ED767007FC5E4 /* eDiary_iOSUITests.swift in Sources */,
			);
			runOnlyForDeploymentPostprocessing = 0;
		};
/* End PBXSourcesBuildPhase section */

/* Begin PBXTargetDependency section */
		20B7DEE42B6ED767007FC5E4 /* PBXTargetDependency */ = {
			isa = PBXTargetDependency;
			target = 20B7DECF2B6ED765007FC5E4 /* eDiary_iOS */;
			targetProxy = 20B7DEE32B6ED767007FC5E4 /* PBXContainerItemProxy */;
		};
		20B7DEEE2B6ED767007FC5E4 /* PBXTargetDependency */ = {
			isa = PBXTargetDependency;
			target = 20B7DECF2B6ED765007FC5E4 /* eDiary_iOS */;
			targetProxy = 20B7DEED2B6ED767007FC5E4 /* PBXContainerItemProxy */;
		};
/* End PBXTargetDependency section */

/* Begin XCBuildConfiguration section */
		20B7DEF42B6ED767007FC5E4 /* Debug */ = {
			isa = XCBuildConfiguration;
			buildSettings = {
				ALWAYS_SEARCH_USER_PATHS = NO;
				ASSETCATALOG_COMPILER_GENERATE_SWIFT_ASSET_SYMBOL_EXTENSIONS = YES;
				CLANG_ANALYZER_NONNULL = YES;
				CLANG_ANALYZER_NUMBER_OBJECT_CONVERSION = YES_AGGRESSIVE;
				CLANG_CXX_LANGUAGE_STANDARD = "gnu++20";
				CLANG_ENABLE_MODULES = YES;
				CLANG_ENABLE_OBJC_ARC = YES;
				CLANG_ENABLE_OBJC_WEAK = YES;
				CLANG_WARN_BLOCK_CAPTURE_AUTORELEASING = YES;
				CLANG_WARN_BOOL_CONVERSION = YES;
				CLANG_WARN_COMMA = YES;
				CLANG_WARN_CONSTANT_CONVERSION = YES;
				CLANG_WARN_DEPRECATED_OBJC_IMPLEMENTATIONS = YES;
				CLANG_WARN_DIRECT_OBJC_ISA_USAGE = YES_ERROR;
				CLANG_WARN_DOCUMENTATION_COMMENTS = YES;
				CLANG_WARN_EMPTY_BODY = YES;
				CLANG_WARN_ENUM_CONVERSION = YES;
				CLANG_WARN_INFINITE_RECURSION = YES;
				CLANG_WARN_INT_CONVERSION = YES;
				CLANG_WARN_NON_LITERAL_NULL_CONVERSION = YES;
				CLANG_WARN_OBJC_IMPLICIT_RETAIN_SELF = YES;
				CLANG_WARN_OBJC_LITERAL_CONVERSION = YES;
				CLANG_WARN_OBJC_ROOT_CLASS = YES_ERROR;
				CLANG_WARN_QUOTED_INCLUDE_IN_FRAMEWORK_HEADER = YES;
				CLANG_WARN_RANGE_LOOP_ANALYSIS = YES;
				CLANG_WARN_STRICT_PROTOTYPES = YES;
				CLANG_WARN_SUSPICIOUS_MOVE = YES;
				CLANG_WARN_UNGUARDED_AVAILABILITY = YES_AGGRESSIVE;
				CLANG_WARN_UNREACHABLE_CODE = YES;
				CLANG_WARN__DUPLICATE_METHOD_MATCH = YES;
				COPY_PHASE_STRIP = NO;
				DEBUG_INFORMATION_FORMAT = dwarf;
				ENABLE_STRICT_OBJC_MSGSEND = YES;
				ENABLE_TESTABILITY = YES;
				ENABLE_USER_SCRIPT_SANDBOXING = YES;
				GCC_C_LANGUAGE_STANDARD = gnu17;
				GCC_DYNAMIC_NO_PIC = NO;
				GCC_NO_COMMON_BLOCKS = YES;
				GCC_OPTIMIZATION_LEVEL = 0;
				GCC_PREPROCESSOR_DEFINITIONS = (
					"DEBUG=1",
					"$(inherited)",
				);
				GCC_WARN_64_TO_32_BIT_CONVERSION = YES;
				GCC_WARN_ABOUT_RETURN_TYPE = YES_ERROR;
				GCC_WARN_UNDECLARED_SELECTOR = YES;
				GCC_WARN_UNINITIALIZED_AUTOS = YES_AGGRESSIVE;
				GCC_WARN_UNUSED_FUNCTION = YES;
				GCC_WARN_UNUSED_VARIABLE = YES;
				IPHONEOS_DEPLOYMENT_TARGET = 17.0;
				LOCALIZATION_PREFERS_STRING_CATALOGS = YES;
				MTL_ENABLE_DEBUG_INFO = INCLUDE_SOURCE;
				MTL_FAST_MATH = YES;
				ONLY_ACTIVE_ARCH = YES;
				SDKROOT = iphoneos;
				SWIFT_ACTIVE_COMPILATION_CONDITIONS = "DEBUG $(inherited)";
				SWIFT_OPTIMIZATION_LEVEL = "-Onone";
			};
			name = Debug;
		};
		20B7DEF52B6ED767007FC5E4 /* Release */ = {
			isa = XCBuildConfiguration;
			buildSettings = {
				ALWAYS_SEARCH_USER_PATHS = NO;
				ASSETCATALOG_COMPILER_GENERATE_SWIFT_ASSET_SYMBOL_EXTENSIONS = YES;
				CLANG_ANALYZER_NONNULL = YES;
				CLANG_ANALYZER_NUMBER_OBJECT_CONVERSION = YES_AGGRESSIVE;
				CLANG_CXX_LANGUAGE_STANDARD = "gnu++20";
				CLANG_ENABLE_MODULES = YES;
				CLANG_ENABLE_OBJC_ARC = YES;
				CLANG_ENABLE_OBJC_WEAK = YES;
				CLANG_WARN_BLOCK_CAPTURE_AUTORELEASING = YES;
				CLANG_WARN_BOOL_CONVERSION = YES;
				CLANG_WARN_COMMA = YES;
				CLANG_WARN_CONSTANT_CONVERSION = YES;
				CLANG_WARN_DEPRECATED_OBJC_IMPLEMENTATIONS = YES;
				CLANG_WARN_DIRECT_OBJC_ISA_USAGE = YES_ERROR;
				CLANG_WARN_DOCUMENTATION_COMMENTS = YES;
				CLANG_WARN_EMPTY_BODY = YES;
				CLANG_WARN_ENUM_CONVERSION = YES;
				CLANG_WARN_INFINITE_RECURSION = YES;
				CLANG_WARN_INT_CONVERSION = YES;
				CLANG_WARN_NON_LITERAL_NULL_CONVERSION = YES;
				CLANG_WARN_OBJC_IMPLICIT_RETAIN_SELF = YES;
				CLANG_WARN_OBJC_LITERAL_CONVERSION = YES;
				CLANG_WARN_OBJC_ROOT_CLASS = YES_ERROR;
				CLANG_WARN_QUOTED_INCLUDE_IN_FRAMEWORK_HEADER = YES;
				CLANG_WARN_RANGE_LOOP_ANALYSIS = YES;
				CLANG_WARN_STRICT_PROTOTYPES = YES;
				CLANG_WARN_SUSPICIOUS_MOVE = YES;
				CLANG_WARN_UNGUARDED_AVAILABILITY = YES_AGGRESSIVE;
				CLANG_WARN_UNREACHABLE_CODE = YES;
				CLANG_WARN__DUPLICATE_METHOD_MATCH = YES;
				COPY_PHASE_STRIP = NO;
				DEBUG_INFORMATION_FORMAT = "dwarf-with-dsym";
				ENABLE_NS_ASSERTIONS = NO;
				ENABLE_STRICT_OBJC_MSGSEND = YES;
				ENABLE_USER_SCRIPT_SANDBOXING = YES;
				GCC_C_LANGUAGE_STANDARD = gnu17;
				GCC_NO_COMMON_BLOCKS = YES;
				GCC_WARN_64_TO_32_BIT_CONVERSION = YES;
				GCC_WARN_ABOUT_RETURN_TYPE = YES_ERROR;
				GCC_WARN_UNDECLARED_SELECTOR = YES;
				GCC_WARN_UNINITIALIZED_AUTOS = YES_AGGRESSIVE;
				GCC_WARN_UNUSED_FUNCTION = YES;
				GCC_WARN_UNUSED_VARIABLE = YES;
				IPHONEOS_DEPLOYMENT_TARGET = 17.0;
				LOCALIZATION_PREFERS_STRING_CATALOGS = YES;
				MTL_ENABLE_DEBUG_INFO = NO;
				MTL_FAST_MATH = YES;
				SDKROOT = iphoneos;
				SWIFT_COMPILATION_MODE = wholemodule;
				VALIDATE_PRODUCT = YES;
			};
			name = Release;
		};
		20B7DEF72B6ED767007FC5E4 /* Debug */ = {
			isa = XCBuildConfiguration;
			buildSettings = {
				ASSETCATALOG_COMPILER_APPICON_NAME = AppIcon;
				ASSETCATALOG_COMPILER_GLOBAL_ACCENT_COLOR_NAME = AccentColor;
				CODE_SIGN_STYLE = Automatic;
				CURRENT_PROJECT_VERSION = 1;
				DEVELOPMENT_ASSET_PATHS = "\"eDiary_iOS/Preview Content\"";
				DEVELOPMENT_TEAM = 6LP5U8F7VW;
				ENABLE_PREVIEWS = YES;
				GENERATE_INFOPLIST_FILE = YES;
				INFOPLIST_KEY_UIApplicationSceneManifest_Generation = YES;
				INFOPLIST_KEY_UIApplicationSupportsIndirectInputEvents = YES;
				INFOPLIST_KEY_UILaunchScreen_Generation = YES;
				INFOPLIST_KEY_UISupportedInterfaceOrientations_iPad = "UIInterfaceOrientationPortrait UIInterfaceOrientationPortraitUpsideDown UIInterfaceOrientationLandscapeLeft UIInterfaceOrientationLandscapeRight";
				INFOPLIST_KEY_UISupportedInterfaceOrientations_iPhone = "UIInterfaceOrientationPortrait UIInterfaceOrientationLandscapeLeft UIInterfaceOrientationLandscapeRight";
				LD_RUNPATH_SEARCH_PATHS = (
					"$(inherited)",
					"@executable_path/Frameworks",
				);
				MARKETING_VERSION = 1.0;
				PRODUCT_BUNDLE_IDENTIFIER = "com.kingoapps.eDiary-iOS";
				PRODUCT_NAME = "$(TARGET_NAME)";
				SWIFT_EMIT_LOC_STRINGS = YES;
				SWIFT_VERSION = 5.0;
				TARGETED_DEVICE_FAMILY = "1,2";
			};
			name = Debug;
		};
		20B7DEF82B6ED767007FC5E4 /* Release */ = {
			isa = XCBuildConfiguration;
			buildSettings = {
				ASSETCATALOG_COMPILER_APPICON_NAME = AppIcon;
				ASSETCATALOG_COMPILER_GLOBAL_ACCENT_COLOR_NAME = AccentColor;
				CODE_SIGN_STYLE = Automatic;
				CURRENT_PROJECT_VERSION = 1;
				DEVELOPMENT_ASSET_PATHS = "\"eDiary_iOS/Preview Content\"";
				DEVELOPMENT_TEAM = 6LP5U8F7VW;
				ENABLE_PREVIEWS = YES;
				GENERATE_INFOPLIST_FILE = YES;
				INFOPLIST_KEY_UIApplicationSceneManifest_Generation = YES;
				INFOPLIST_KEY_UIApplicationSupportsIndirectInputEvents = YES;
				INFOPLIST_KEY_UILaunchScreen_Generation = YES;
				INFOPLIST_KEY_UISupportedInterfaceOrientations_iPad = "UIInterfaceOrientationPortrait UIInterfaceOrientationPortraitUpsideDown UIInterfaceOrientationLandscapeLeft UIInterfaceOrientationLandscapeRight";
				INFOPLIST_KEY_UISupportedInterfaceOrientations_iPhone = "UIInterfaceOrientationPortrait UIInterfaceOrientationLandscapeLeft UIInterfaceOrientationLandscapeRight";
				LD_RUNPATH_SEARCH_PATHS = (
					"$(inherited)",
					"@executable_path/Frameworks",
				);
				MARKETING_VERSION = 1.0;
				PRODUCT_BUNDLE_IDENTIFIER = "com.kingoapps.eDiary-iOS";
				PRODUCT_NAME = "$(TARGET_NAME)";
				SWIFT_EMIT_LOC_STRINGS = YES;
				SWIFT_VERSION = 5.0;
				TARGETED_DEVICE_FAMILY = "1,2";
			};
			name = Release;
		};
		20B7DEFA2B6ED767007FC5E4 /* Debug */ = {
			isa = XCBuildConfiguration;
			buildSettings = {
				ALWAYS_EMBED_SWIFT_STANDARD_LIBRARIES = YES;
				BUNDLE_LOADER = "$(TEST_HOST)";
				CODE_SIGN_STYLE = Automatic;
				CURRENT_PROJECT_VERSION = 1;
				DEVELOPMENT_TEAM = 6LP5U8F7VW;
				GENERATE_INFOPLIST_FILE = YES;
				IPHONEOS_DEPLOYMENT_TARGET = 17.0;
				MARKETING_VERSION = 1.0;
				PRODUCT_BUNDLE_IDENTIFIER = "com.kingoapps.eDiary-iOSTests";
				PRODUCT_NAME = "$(TARGET_NAME)";
				SWIFT_EMIT_LOC_STRINGS = NO;
				SWIFT_VERSION = 5.0;
				TARGETED_DEVICE_FAMILY = "1,2";
				TEST_HOST = "$(BUILT_PRODUCTS_DIR)/eDiary_iOS.app/$(BUNDLE_EXECUTABLE_FOLDER_PATH)/eDiary_iOS";
			};
			name = Debug;
		};
		20B7DEFB2B6ED767007FC5E4 /* Release */ = {
			isa = XCBuildConfiguration;
			buildSettings = {
				ALWAYS_EMBED_SWIFT_STANDARD_LIBRARIES = YES;
				BUNDLE_LOADER = "$(TEST_HOST)";
				CODE_SIGN_STYLE = Automatic;
				CURRENT_PROJECT_VERSION = 1;
				DEVELOPMENT_TEAM = 6LP5U8F7VW;
				GENERATE_INFOPLIST_FILE = YES;
				IPHONEOS_DEPLOYMENT_TARGET = 17.0;
				MARKETING_VERSION = 1.0;
				PRODUCT_BUNDLE_IDENTIFIER = "com.kingoapps.eDiary-iOSTests";
				PRODUCT_NAME = "$(TARGET_NAME)";
				SWIFT_EMIT_LOC_STRINGS = NO;
				SWIFT_VERSION = 5.0;
				TARGETED_DEVICE_FAMILY = "1,2";
				TEST_HOST = "$(BUILT_PRODUCTS_DIR)/eDiary_iOS.app/$(BUNDLE_EXECUTABLE_FOLDER_PATH)/eDiary_iOS";
			};
			name = Release;
		};
		20B7DEFD2B6ED767007FC5E4 /* Debug */ = {
			isa = XCBuildConfiguration;
			buildSettings = {
				ALWAYS_EMBED_SWIFT_STANDARD_LIBRARIES = YES;
				CODE_SIGN_STYLE = Automatic;
				CURRENT_PROJECT_VERSION = 1;
				DEVELOPMENT_TEAM = 6LP5U8F7VW;
				GENERATE_INFOPLIST_FILE = YES;
				MARKETING_VERSION = 1.0;
				PRODUCT_BUNDLE_IDENTIFIER = "com.kingoapps.eDiary-iOSUITests";
				PRODUCT_NAME = "$(TARGET_NAME)";
				SWIFT_EMIT_LOC_STRINGS = NO;
				SWIFT_VERSION = 5.0;
				TARGETED_DEVICE_FAMILY = "1,2";
				TEST_TARGET_NAME = eDiary_iOS;
			};
			name = Debug;
		};
		20B7DEFE2B6ED767007FC5E4 /* Release */ = {
			isa = XCBuildConfiguration;
			buildSettings = {
				ALWAYS_EMBED_SWIFT_STANDARD_LIBRARIES = YES;
				CODE_SIGN_STYLE = Automatic;
				CURRENT_PROJECT_VERSION = 1;
				DEVELOPMENT_TEAM = 6LP5U8F7VW;
				GENERATE_INFOPLIST_FILE = YES;
				MARKETING_VERSION = 1.0;
				PRODUCT_BUNDLE_IDENTIFIER = "com.kingoapps.eDiary-iOSUITests";
				PRODUCT_NAME = "$(TARGET_NAME)";
				SWIFT_EMIT_LOC_STRINGS = NO;
				SWIFT_VERSION = 5.0;
				TARGETED_DEVICE_FAMILY = "1,2";
				TEST_TARGET_NAME = eDiary_iOS;
			};
			name = Release;
		};
/* End XCBuildConfiguration section */

/* Begin XCConfigurationList section */
		20B7DECB2B6ED765007FC5E4 /* Build configuration list for PBXProject "eDiary_iOS" */ = {
			isa = XCConfigurationList;
			buildConfigurations = (
				20B7DEF42B6ED767007FC5E4 /* Debug */,
				20B7DEF52B6ED767007FC5E4 /* Release */,
			);
			defaultConfigurationIsVisible = 0;
			defaultConfigurationName = Release;
		};
		20B7DEF62B6ED767007FC5E4 /* Build configuration list for PBXNativeTarget "eDiary_iOS" */ = {
			isa = XCConfigurationList;
			buildConfigurations = (
				20B7DEF72B6ED767007FC5E4 /* Debug */,
				20B7DEF82B6ED767007FC5E4 /* Release */,
			);
			defaultConfigurationIsVisible = 0;
			defaultConfigurationName = Release;
		};
		20B7DEF92B6ED767007FC5E4 /* Build configuration list for PBXNativeTarget "eDiary_iOSTests" */ = {
			isa = XCConfigurationList;
			buildConfigurations = (
				20B7DEFA2B6ED767007FC5E4 /* Debug */,
				20B7DEFB2B6ED767007FC5E4 /* Release */,
			);
			defaultConfigurationIsVisible = 0;
			defaultConfigurationName = Release;
		};
		20B7DEFC2B6ED767007FC5E4 /* Build configuration list for PBXNativeTarget "eDiary_iOSUITests" */ = {
			isa = XCConfigurationList;
			buildConfigurations = (
				20B7DEFD2B6ED767007FC5E4 /* Debug */,
				20B7DEFE2B6ED767007FC5E4 /* Release */,
			);
			defaultConfigurationIsVisible = 0;
			defaultConfigurationName = Release;
		};
/* End XCConfigurationList section */
	};
	rootObject = 20B7DEC82B6ED765007FC5E4 /* Project object */;
}
