// !$*UTF8*$!
{
	archiveVersion = 1;
	classes = {
	};
	objectVersion = 56;
	objects = {

/* Begin PBXBuildFile section */
		209E52A02B85E400009B1760 /* eDiary_iOSApp.swift in Sources */ = {isa = PBXBuildFile; fileRef = 209E529F2B85E400009B1760 /* eDiary_iOSApp.swift */; };
		209E52A22B85E400009B1760 /* MainScreen.swift in Sources */ = {isa = PBXBuildFile; fileRef = 209E52A12B85E400009B1760 /* MainScreen.swift */; };
		209E52A42B85E401009B1760 /* Assets.xcassets in Resources */ = {isa = PBXBuildFile; fileRef = 209E52A32B85E401009B1760 /* Assets.xcassets */; };
		209E52A72B85E401009B1760 /* Preview Assets.xcassets in Resources */ = {isa = PBXBuildFile; fileRef = 209E52A62B85E401009B1760 /* Preview Assets.xcassets */; };
		209E52B12B85E401009B1760 /* eDiary_iOSTests.swift in Sources */ = {isa = PBXBuildFile; fileRef = 209E52B02B85E401009B1760 /* eDiary_iOSTests.swift */; };
		209E52BB2B85E401009B1760 /* eDiary_iOSUITests.swift in Sources */ = {isa = PBXBuildFile; fileRef = 209E52BA2B85E401009B1760 /* eDiary_iOSUITests.swift */; };
		209E52BD2B85E401009B1760 /* eDiary_iOSUITestsLaunchTests.swift in Sources */ = {isa = PBXBuildFile; fileRef = 209E52BC2B85E401009B1760 /* eDiary_iOSUITestsLaunchTests.swift */; };
		209E52CC2B85E485009B1760 /* Chapter.swift in Sources */ = {isa = PBXBuildFile; fileRef = 209E52CB2B85E485009B1760 /* Chapter.swift */; };
/* End PBXBuildFile section */

/* Begin PBXContainerItemProxy section */
		209E52AD2B85E401009B1760 /* PBXContainerItemProxy */ = {
			isa = PBXContainerItemProxy;
			containerPortal = 209E52942B85E400009B1760 /* Project object */;
			proxyType = 1;
			remoteGlobalIDString = 209E529B2B85E400009B1760;
			remoteInfo = eDiary_iOS;
		};
		209E52B72B85E401009B1760 /* PBXContainerItemProxy */ = {
			isa = PBXContainerItemProxy;
			containerPortal = 209E52942B85E400009B1760 /* Project object */;
			proxyType = 1;
			remoteGlobalIDString = 209E529B2B85E400009B1760;
			remoteInfo = eDiary_iOS;
		};
/* End PBXContainerItemProxy section */

/* Begin PBXFileReference section */
		209E529C2B85E400009B1760 /* eDiary_iOS.app */ = {isa = PBXFileReference; explicitFileType = wrapper.application; includeInIndex = 0; path = eDiary_iOS.app; sourceTree = BUILT_PRODUCTS_DIR; };
		209E529F2B85E400009B1760 /* eDiary_iOSApp.swift */ = {isa = PBXFileReference; lastKnownFileType = sourcecode.swift; path = eDiary_iOSApp.swift; sourceTree = "<group>"; };
		209E52A12B85E400009B1760 /* MainScreen.swift */ = {isa = PBXFileReference; lastKnownFileType = sourcecode.swift; path = MainScreen.swift; sourceTree = "<group>"; };
		209E52A32B85E401009B1760 /* Assets.xcassets */ = {isa = PBXFileReference; lastKnownFileType = folder.assetcatalog; path = Assets.xcassets; sourceTree = "<group>"; };
		209E52A62B85E401009B1760 /* Preview Assets.xcassets */ = {isa = PBXFileReference; lastKnownFileType = folder.assetcatalog; path = "Preview Assets.xcassets"; sourceTree = "<group>"; };
		209E52AC2B85E401009B1760 /* eDiary_iOSTests.xctest */ = {isa = PBXFileReference; explicitFileType = wrapper.cfbundle; includeInIndex = 0; path = eDiary_iOSTests.xctest; sourceTree = BUILT_PRODUCTS_DIR; };
		209E52B02B85E401009B1760 /* eDiary_iOSTests.swift */ = {isa = PBXFileReference; lastKnownFileType = sourcecode.swift; path = eDiary_iOSTests.swift; sourceTree = "<group>"; };
		209E52B62B85E401009B1760 /* eDiary_iOSUITests.xctest */ = {isa = PBXFileReference; explicitFileType = wrapper.cfbundle; includeInIndex = 0; path = eDiary_iOSUITests.xctest; sourceTree = BUILT_PRODUCTS_DIR; };
		209E52BA2B85E401009B1760 /* eDiary_iOSUITests.swift */ = {isa = PBXFileReference; lastKnownFileType = sourcecode.swift; path = eDiary_iOSUITests.swift; sourceTree = "<group>"; };
		209E52BC2B85E401009B1760 /* eDiary_iOSUITestsLaunchTests.swift */ = {isa = PBXFileReference; lastKnownFileType = sourcecode.swift; path = eDiary_iOSUITestsLaunchTests.swift; sourceTree = "<group>"; };
		209E52CB2B85E485009B1760 /* Chapter.swift */ = {isa = PBXFileReference; lastKnownFileType = sourcecode.swift; path = Chapter.swift; sourceTree = "<group>"; };
/* End PBXFileReference section */

/* Begin PBXFrameworksBuildPhase section */
		209E52992B85E400009B1760 /* Frameworks */ = {
			isa = PBXFrameworksBuildPhase;
			buildActionMask = 2147483647;
			files = (
			);
			runOnlyForDeploymentPostprocessing = 0;
		};
		209E52A92B85E401009B1760 /* Frameworks */ = {
			isa = PBXFrameworksBuildPhase;
			buildActionMask = 2147483647;
			files = (
			);
			runOnlyForDeploymentPostprocessing = 0;
		};
		209E52B32B85E401009B1760 /* Frameworks */ = {
			isa = PBXFrameworksBuildPhase;
			buildActionMask = 2147483647;
			files = (
			);
			runOnlyForDeploymentPostprocessing = 0;
		};
/* End PBXFrameworksBuildPhase section */

/* Begin PBXGroup section */
		209E52932B85E400009B1760 = {
			isa = PBXGroup;
			children = (
				209E529E2B85E400009B1760 /* eDiary_iOS */,
				209E52AF2B85E401009B1760 /* eDiary_iOSTests */,
				209E52B92B85E401009B1760 /* eDiary_iOSUITests */,
				209E529D2B85E400009B1760 /* Products */,
			);
			sourceTree = "<group>";
		};
		209E529D2B85E400009B1760 /* Products */ = {
			isa = PBXGroup;
			children = (
				209E529C2B85E400009B1760 /* eDiary_iOS.app */,
				209E52AC2B85E401009B1760 /* eDiary_iOSTests.xctest */,
				209E52B62B85E401009B1760 /* eDiary_iOSUITests.xctest */,
			);
			name = Products;
			sourceTree = "<group>";
		};
		209E529E2B85E400009B1760 /* eDiary_iOS */ = {
			isa = PBXGroup;
			children = (
				209E52CA2B85E468009B1760 /* model */,
				209E52C92B85E40F009B1760 /* screens */,
				209E529F2B85E400009B1760 /* eDiary_iOSApp.swift */,
				209E52A32B85E401009B1760 /* Assets.xcassets */,
				209E52A52B85E401009B1760 /* Preview Content */,
			);
			path = eDiary_iOS;
			sourceTree = "<group>";
		};
		209E52A52B85E401009B1760 /* Preview Content */ = {
			isa = PBXGroup;
			children = (
				209E52A62B85E401009B1760 /* Preview Assets.xcassets */,
			);
			path = "Preview Content";
			sourceTree = "<group>";
		};
		209E52AF2B85E401009B1760 /* eDiary_iOSTests */ = {
			isa = PBXGroup;
			children = (
				209E52B02B85E401009B1760 /* eDiary_iOSTests.swift */,
			);
			path = eDiary_iOSTests;
			sourceTree = "<group>";
		};
		209E52B92B85E401009B1760 /* eDiary_iOSUITests */ = {
			isa = PBXGroup;
			children = (
				209E52BA2B85E401009B1760 /* eDiary_iOSUITests.swift */,
				209E52BC2B85E401009B1760 /* eDiary_iOSUITestsLaunchTests.swift */,
			);
			path = eDiary_iOSUITests;
			sourceTree = "<group>";
		};
		209E52C92B85E40F009B1760 /* screens */ = {
			isa = PBXGroup;
			children = (
				209E52A12B85E400009B1760 /* MainScreen.swift */,
			);
			path = screens;
			sourceTree = "<group>";
		};
		209E52CA2B85E468009B1760 /* model */ = {
			isa = PBXGroup;
			children = (
				209E52CB2B85E485009B1760 /* Chapter.swift */,
			);
			path = model;
			sourceTree = "<group>";
		};
/* End PBXGroup section */

/* Begin PBXNativeTarget section */
		209E529B2B85E400009B1760 /* eDiary_iOS */ = {
			isa = PBXNativeTarget;
			buildConfigurationList = 209E52C02B85E401009B1760 /* Build configuration list for PBXNativeTarget "eDiary_iOS" */;
			buildPhases = (
				209E52982B85E400009B1760 /* Sources */,
				209E52992B85E400009B1760 /* Frameworks */,
				209E529A2B85E400009B1760 /* Resources */,
			);
			buildRules = (
			);
			dependencies = (
			);
			name = eDiary_iOS;
			productName = eDiary_iOS;
			productReference = 209E529C2B85E400009B1760 /* eDiary_iOS.app */;
			productType = "com.apple.product-type.application";
		};
		209E52AB2B85E401009B1760 /* eDiary_iOSTests */ = {
			isa = PBXNativeTarget;
			buildConfigurationList = 209E52C32B85E401009B1760 /* Build configuration list for PBXNativeTarget "eDiary_iOSTests" */;
			buildPhases = (
				209E52A82B85E401009B1760 /* Sources */,
				209E52A92B85E401009B1760 /* Frameworks */,
				209E52AA2B85E401009B1760 /* Resources */,
			);
			buildRules = (
			);
			dependencies = (
				209E52AE2B85E401009B1760 /* PBXTargetDependency */,
			);
			name = eDiary_iOSTests;
			productName = eDiary_iOSTests;
			productReference = 209E52AC2B85E401009B1760 /* eDiary_iOSTests.xctest */;
			productType = "com.apple.product-type.bundle.unit-test";
		};
		209E52B52B85E401009B1760 /* eDiary_iOSUITests */ = {
			isa = PBXNativeTarget;
			buildConfigurationList = 209E52C62B85E401009B1760 /* Build configuration list for PBXNativeTarget "eDiary_iOSUITests" */;
			buildPhases = (
				209E52B22B85E401009B1760 /* Sources */,
				209E52B32B85E401009B1760 /* Frameworks */,
				209E52B42B85E401009B1760 /* Resources */,
			);
			buildRules = (
			);
			dependencies = (
				209E52B82B85E401009B1760 /* PBXTargetDependency */,
			);
			name = eDiary_iOSUITests;
			productName = eDiary_iOSUITests;
			productReference = 209E52B62B85E401009B1760 /* eDiary_iOSUITests.xctest */;
			productType = "com.apple.product-type.bundle.ui-testing";
		};
/* End PBXNativeTarget section */

/* Begin PBXProject section */
		209E52942B85E400009B1760 /* Project object */ = {
			isa = PBXProject;
			attributes = {
				BuildIndependentTargetsInParallel = 1;
				LastSwiftUpdateCheck = 1520;
				LastUpgradeCheck = 1520;
				TargetAttributes = {
					209E529B2B85E400009B1760 = {
						CreatedOnToolsVersion = 15.2;
					};
					209E52AB2B85E401009B1760 = {
						CreatedOnToolsVersion = 15.2;
						TestTargetID = 209E529B2B85E400009B1760;
					};
					209E52B52B85E401009B1760 = {
						CreatedOnToolsVersion = 15.2;
						TestTargetID = 209E529B2B85E400009B1760;
					};
				};
			};
			buildConfigurationList = 209E52972B85E400009B1760 /* Build configuration list for PBXProject "eDiary_iOS" */;
			compatibilityVersion = "Xcode 14.0";
			developmentRegion = en;
			hasScannedForEncodings = 0;
			knownRegions = (
				en,
				Base,
			);
			mainGroup = 209E52932B85E400009B1760;
			productRefGroup = 209E529D2B85E400009B1760 /* Products */;
			projectDirPath = "";
			projectRoot = "";
			targets = (
				209E529B2B85E400009B1760 /* eDiary_iOS */,
				209E52AB2B85E401009B1760 /* eDiary_iOSTests */,
				209E52B52B85E401009B1760 /* eDiary_iOSUITests */,
			);
		};
/* End PBXProject section */

/* Begin PBXResourcesBuildPhase section */
		209E529A2B85E400009B1760 /* Resources */ = {
			isa = PBXResourcesBuildPhase;
			buildActionMask = 2147483647;
			files = (
				209E52A72B85E401009B1760 /* Preview Assets.xcassets in Resources */,
				209E52A42B85E401009B1760 /* Assets.xcassets in Resources */,
			);
			runOnlyForDeploymentPostprocessing = 0;
		};
		209E52AA2B85E401009B1760 /* Resources */ = {
			isa = PBXResourcesBuildPhase;
			buildActionMask = 2147483647;
			files = (
			);
			runOnlyForDeploymentPostprocessing = 0;
		};
		209E52B42B85E401009B1760 /* Resources */ = {
			isa = PBXResourcesBuildPhase;
			buildActionMask = 2147483647;
			files = (
			);
			runOnlyForDeploymentPostprocessing = 0;
		};
/* End PBXResourcesBuildPhase section */

/* Begin PBXSourcesBuildPhase section */
		209E52982B85E400009B1760 /* Sources */ = {
			isa = PBXSourcesBuildPhase;
			buildActionMask = 2147483647;
			files = (
				209E52CC2B85E485009B1760 /* Chapter.swift in Sources */,
				209E52A22B85E400009B1760 /* MainScreen.swift in Sources */,
				209E52A02B85E400009B1760 /* eDiary_iOSApp.swift in Sources */,
			);
			runOnlyForDeploymentPostprocessing = 0;
		};
		209E52A82B85E401009B1760 /* Sources */ = {
			isa = PBXSourcesBuildPhase;
			buildActionMask = 2147483647;
			files = (
				209E52B12B85E401009B1760 /* eDiary_iOSTests.swift in Sources */,
			);
			runOnlyForDeploymentPostprocessing = 0;
		};
		209E52B22B85E401009B1760 /* Sources */ = {
			isa = PBXSourcesBuildPhase;
			buildActionMask = 2147483647;
			files = (
				209E52BD2B85E401009B1760 /* eDiary_iOSUITestsLaunchTests.swift in Sources */,
				209E52BB2B85E401009B1760 /* eDiary_iOSUITests.swift in Sources */,
			);
			runOnlyForDeploymentPostprocessing = 0;
		};
/* End PBXSourcesBuildPhase section */

/* Begin PBXTargetDependency section */
		209E52AE2B85E401009B1760 /* PBXTargetDependency */ = {
			isa = PBXTargetDependency;
			target = 209E529B2B85E400009B1760 /* eDiary_iOS */;
			targetProxy = 209E52AD2B85E401009B1760 /* PBXContainerItemProxy */;
		};
		209E52B82B85E401009B1760 /* PBXTargetDependency */ = {
			isa = PBXTargetDependency;
			target = 209E529B2B85E400009B1760 /* eDiary_iOS */;
			targetProxy = 209E52B72B85E401009B1760 /* PBXContainerItemProxy */;
		};
/* End PBXTargetDependency section */

/* Begin XCBuildConfiguration section */
		209E52BE2B85E401009B1760 /* Debug */ = {
			isa = XCBuildConfiguration;
			buildSettings = {
				ALWAYS_SEARCH_USER_PATHS = NO;
				ASSETCATALOG_COMPILER_GENERATE_SWIFT_ASSET_SYMBOL_EXTENSIONS = YES;
				CLANG_ANALYZER_NONNULL = YES;
				CLANG_ANALYZER_NUMBER_OBJECT_CONVERSION = YES_AGGRESSIVE;
				CLANG_CXX_LANGUAGE_STANDARD = "gnu++20";
				CLANG_ENABLE_MODULES = YES;
				CLANG_ENABLE_OBJC_ARC = YES;
				CLANG_ENABLE_OBJC_WEAK = YES;
				CLANG_WARN_BLOCK_CAPTURE_AUTORELEASING = YES;
				CLANG_WARN_BOOL_CONVERSION = YES;
				CLANG_WARN_COMMA = YES;
				CLANG_WARN_CONSTANT_CONVERSION = YES;
				CLANG_WARN_DEPRECATED_OBJC_IMPLEMENTATIONS = YES;
				CLANG_WARN_DIRECT_OBJC_ISA_USAGE = YES_ERROR;
				CLANG_WARN_DOCUMENTATION_COMMENTS = YES;
				CLANG_WARN_EMPTY_BODY = YES;
				CLANG_WARN_ENUM_CONVERSION = YES;
				CLANG_WARN_INFINITE_RECURSION = YES;
				CLANG_WARN_INT_CONVERSION = YES;
				CLANG_WARN_NON_LITERAL_NULL_CONVERSION = YES;
				CLANG_WARN_OBJC_IMPLICIT_RETAIN_SELF = YES;
				CLANG_WARN_OBJC_LITERAL_CONVERSION = YES;
				CLANG_WARN_OBJC_ROOT_CLASS = YES_ERROR;
				CLANG_WARN_QUOTED_INCLUDE_IN_FRAMEWORK_HEADER = YES;
				CLANG_WARN_RANGE_LOOP_ANALYSIS = YES;
				CLANG_WARN_STRICT_PROTOTYPES = YES;
				CLANG_WARN_SUSPICIOUS_MOVE = YES;
				CLANG_WARN_UNGUARDED_AVAILABILITY = YES_AGGRESSIVE;
				CLANG_WARN_UNREACHABLE_CODE = YES;
				CLANG_WARN__DUPLICATE_METHOD_MATCH = YES;
				COPY_PHASE_STRIP = NO;
				DEBUG_INFORMATION_FORMAT = dwarf;
				ENABLE_STRICT_OBJC_MSGSEND = YES;
				ENABLE_TESTABILITY = YES;
				ENABLE_USER_SCRIPT_SANDBOXING = YES;
				GCC_C_LANGUAGE_STANDARD = gnu17;
				GCC_DYNAMIC_NO_PIC = NO;
				GCC_NO_COMMON_BLOCKS = YES;
				GCC_OPTIMIZATION_LEVEL = 0;
				GCC_PREPROCESSOR_DEFINITIONS = (
					"DEBUG=1",
					"$(inherited)",
				);
				GCC_WARN_64_TO_32_BIT_CONVERSION = YES;
				GCC_WARN_ABOUT_RETURN_TYPE = YES_ERROR;
				GCC_WARN_UNDECLARED_SELECTOR = YES;
				GCC_WARN_UNINITIALIZED_AUTOS = YES_AGGRESSIVE;
				GCC_WARN_UNUSED_FUNCTION = YES;
				GCC_WARN_UNUSED_VARIABLE = YES;
				IPHONEOS_DEPLOYMENT_TARGET = 17.2;
				LOCALIZATION_PREFERS_STRING_CATALOGS = YES;
				MTL_ENABLE_DEBUG_INFO = INCLUDE_SOURCE;
				MTL_FAST_MATH = YES;
				ONLY_ACTIVE_ARCH = YES;
				SDKROOT = iphoneos;
				SWIFT_ACTIVE_COMPILATION_CONDITIONS = "DEBUG $(inherited)";
				SWIFT_OPTIMIZATION_LEVEL = "-Onone";
			};
			name = Debug;
		};
		209E52BF2B85E401009B1760 /* Release */ = {
			isa = XCBuildConfiguration;
			buildSettings = {
				ALWAYS_SEARCH_USER_PATHS = NO;
				ASSETCATALOG_COMPILER_GENERATE_SWIFT_ASSET_SYMBOL_EXTENSIONS = YES;
				CLANG_ANALYZER_NONNULL = YES;
				CLANG_ANALYZER_NUMBER_OBJECT_CONVERSION = YES_AGGRESSIVE;
				CLANG_CXX_LANGUAGE_STANDARD = "gnu++20";
				CLANG_ENABLE_MODULES = YES;
				CLANG_ENABLE_OBJC_ARC = YES;
				CLANG_ENABLE_OBJC_WEAK = YES;
				CLANG_WARN_BLOCK_CAPTURE_AUTORELEASING = YES;
				CLANG_WARN_BOOL_CONVERSION = YES;
				CLANG_WARN_COMMA = YES;
				CLANG_WARN_CONSTANT_CONVERSION = YES;
				CLANG_WARN_DEPRECATED_OBJC_IMPLEMENTATIONS = YES;
				CLANG_WARN_DIRECT_OBJC_ISA_USAGE = YES_ERROR;
				CLANG_WARN_DOCUMENTATION_COMMENTS = YES;
				CLANG_WARN_EMPTY_BODY = YES;
				CLANG_WARN_ENUM_CONVERSION = YES;
				CLANG_WARN_INFINITE_RECURSION = YES;
				CLANG_WARN_INT_CONVERSION = YES;
				CLANG_WARN_NON_LITERAL_NULL_CONVERSION = YES;
				CLANG_WARN_OBJC_IMPLICIT_RETAIN_SELF = YES;
				CLANG_WARN_OBJC_LITERAL_CONVERSION = YES;
				CLANG_WARN_OBJC_ROOT_CLASS = YES_ERROR;
				CLANG_WARN_QUOTED_INCLUDE_IN_FRAMEWORK_HEADER = YES;
				CLANG_WARN_RANGE_LOOP_ANALYSIS = YES;
				CLANG_WARN_STRICT_PROTOTYPES = YES;
				CLANG_WARN_SUSPICIOUS_MOVE = YES;
				CLANG_WARN_UNGUARDED_AVAILABILITY = YES_AGGRESSIVE;
				CLANG_WARN_UNREACHABLE_CODE = YES;
				CLANG_WARN__DUPLICATE_METHOD_MATCH = YES;
				COPY_PHASE_STRIP = NO;
				DEBUG_INFORMATION_FORMAT = "dwarf-with-dsym";
				ENABLE_NS_ASSERTIONS = NO;
				ENABLE_STRICT_OBJC_MSGSEND = YES;
				ENABLE_USER_SCRIPT_SANDBOXING = YES;
				GCC_C_LANGUAGE_STANDARD = gnu17;
				GCC_NO_COMMON_BLOCKS = YES;
				GCC_WARN_64_TO_32_BIT_CONVERSION = YES;
				GCC_WARN_ABOUT_RETURN_TYPE = YES_ERROR;
				GCC_WARN_UNDECLARED_SELECTOR = YES;
				GCC_WARN_UNINITIALIZED_AUTOS = YES_AGGRESSIVE;
				GCC_WARN_UNUSED_FUNCTION = YES;
				GCC_WARN_UNUSED_VARIABLE = YES;
				IPHONEOS_DEPLOYMENT_TARGET = 17.2;
				LOCALIZATION_PREFERS_STRING_CATALOGS = YES;
				MTL_ENABLE_DEBUG_INFO = NO;
				MTL_FAST_MATH = YES;
				SDKROOT = iphoneos;
				SWIFT_COMPILATION_MODE = wholemodule;
				VALIDATE_PRODUCT = YES;
			};
			name = Release;
		};
		209E52C12B85E401009B1760 /* Debug */ = {
			isa = XCBuildConfiguration;
			buildSettings = {
				ASSETCATALOG_COMPILER_APPICON_NAME = AppIcon;
				ASSETCATALOG_COMPILER_GLOBAL_ACCENT_COLOR_NAME = AccentColor;
				CODE_SIGN_STYLE = Automatic;
				CURRENT_PROJECT_VERSION = 1;
				DEVELOPMENT_ASSET_PATHS = "\"eDiary_iOS/Preview Content\"";
				DEVELOPMENT_TEAM = 6LP5U8F7VW;
				ENABLE_PREVIEWS = YES;
				GENERATE_INFOPLIST_FILE = YES;
				INFOPLIST_KEY_UIApplicationSceneManifest_Generation = YES;
				INFOPLIST_KEY_UIApplicationSupportsIndirectInputEvents = YES;
				INFOPLIST_KEY_UILaunchScreen_Generation = YES;
				INFOPLIST_KEY_UISupportedInterfaceOrientations_iPad = "UIInterfaceOrientationPortrait UIInterfaceOrientationPortraitUpsideDown UIInterfaceOrientationLandscapeLeft UIInterfaceOrientationLandscapeRight";
				INFOPLIST_KEY_UISupportedInterfaceOrientations_iPhone = "UIInterfaceOrientationPortrait UIInterfaceOrientationLandscapeLeft UIInterfaceOrientationLandscapeRight";
				LD_RUNPATH_SEARCH_PATHS = (
					"$(inherited)",
					"@executable_path/Frameworks",
				);
				MARKETING_VERSION = 1.0;
				PRODUCT_BUNDLE_IDENTIFIER = "com.kingoapps.eDiary-iOS";
				PRODUCT_NAME = "$(TARGET_NAME)";
				SWIFT_EMIT_LOC_STRINGS = YES;
				SWIFT_VERSION = 5.0;
				TARGETED_DEVICE_FAMILY = "1,2";
			};
			name = Debug;
		};
		209E52C22B85E401009B1760 /* Release */ = {
			isa = XCBuildConfiguration;
			buildSettings = {
				ASSETCATALOG_COMPILER_APPICON_NAME = AppIcon;
				ASSETCATALOG_COMPILER_GLOBAL_ACCENT_COLOR_NAME = AccentColor;
				CODE_SIGN_STYLE = Automatic;
				CURRENT_PROJECT_VERSION = 1;
				DEVELOPMENT_ASSET_PATHS = "\"eDiary_iOS/Preview Content\"";
				DEVELOPMENT_TEAM = 6LP5U8F7VW;
				ENABLE_PREVIEWS = YES;
				GENERATE_INFOPLIST_FILE = YES;
				INFOPLIST_KEY_UIApplicationSceneManifest_Generation = YES;
				INFOPLIST_KEY_UIApplicationSupportsIndirectInputEvents = YES;
				INFOPLIST_KEY_UILaunchScreen_Generation = YES;
				INFOPLIST_KEY_UISupportedInterfaceOrientations_iPad = "UIInterfaceOrientationPortrait UIInterfaceOrientationPortraitUpsideDown UIInterfaceOrientationLandscapeLeft UIInterfaceOrientationLandscapeRight";
				INFOPLIST_KEY_UISupportedInterfaceOrientations_iPhone = "UIInterfaceOrientationPortrait UIInterfaceOrientationLandscapeLeft UIInterfaceOrientationLandscapeRight";
				LD_RUNPATH_SEARCH_PATHS = (
					"$(inherited)",
					"@executable_path/Frameworks",
				);
				MARKETING_VERSION = 1.0;
				PRODUCT_BUNDLE_IDENTIFIER = "com.kingoapps.eDiary-iOS";
				PRODUCT_NAME = "$(TARGET_NAME)";
				SWIFT_EMIT_LOC_STRINGS = YES;
				SWIFT_VERSION = 5.0;
				TARGETED_DEVICE_FAMILY = "1,2";
			};
			name = Release;
		};
		209E52C42B85E401009B1760 /* Debug */ = {
			isa = XCBuildConfiguration;
			buildSettings = {
				ALWAYS_EMBED_SWIFT_STANDARD_LIBRARIES = YES;
				BUNDLE_LOADER = "$(TEST_HOST)";
				CODE_SIGN_STYLE = Automatic;
				CURRENT_PROJECT_VERSION = 1;
				DEVELOPMENT_TEAM = 6LP5U8F7VW;
				GENERATE_INFOPLIST_FILE = YES;
				IPHONEOS_DEPLOYMENT_TARGET = 17.2;
				MARKETING_VERSION = 1.0;
				PRODUCT_BUNDLE_IDENTIFIER = "com.kingoapps.eDiary-iOSTests";
				PRODUCT_NAME = "$(TARGET_NAME)";
				SWIFT_EMIT_LOC_STRINGS = NO;
				SWIFT_VERSION = 5.0;
				TARGETED_DEVICE_FAMILY = "1,2";
				TEST_HOST = "$(BUILT_PRODUCTS_DIR)/eDiary_iOS.app/$(BUNDLE_EXECUTABLE_FOLDER_PATH)/eDiary_iOS";
			};
			name = Debug;
		};
		209E52C52B85E401009B1760 /* Release */ = {
			isa = XCBuildConfiguration;
			buildSettings = {
				ALWAYS_EMBED_SWIFT_STANDARD_LIBRARIES = YES;
				BUNDLE_LOADER = "$(TEST_HOST)";
				CODE_SIGN_STYLE = Automatic;
				CURRENT_PROJECT_VERSION = 1;
				DEVELOPMENT_TEAM = 6LP5U8F7VW;
				GENERATE_INFOPLIST_FILE = YES;
				IPHONEOS_DEPLOYMENT_TARGET = 17.2;
				MARKETING_VERSION = 1.0;
				PRODUCT_BUNDLE_IDENTIFIER = "com.kingoapps.eDiary-iOSTests";
				PRODUCT_NAME = "$(TARGET_NAME)";
				SWIFT_EMIT_LOC_STRINGS = NO;
				SWIFT_VERSION = 5.0;
				TARGETED_DEVICE_FAMILY = "1,2";
				TEST_HOST = "$(BUILT_PRODUCTS_DIR)/eDiary_iOS.app/$(BUNDLE_EXECUTABLE_FOLDER_PATH)/eDiary_iOS";
			};
			name = Release;
		};
		209E52C72B85E401009B1760 /* Debug */ = {
			isa = XCBuildConfiguration;
			buildSettings = {
				ALWAYS_EMBED_SWIFT_STANDARD_LIBRARIES = YES;
				CODE_SIGN_STYLE = Automatic;
				CURRENT_PROJECT_VERSION = 1;
				DEVELOPMENT_TEAM = 6LP5U8F7VW;
				GENERATE_INFOPLIST_FILE = YES;
				MARKETING_VERSION = 1.0;
				PRODUCT_BUNDLE_IDENTIFIER = "com.kingoapps.eDiary-iOSUITests";
				PRODUCT_NAME = "$(TARGET_NAME)";
				SWIFT_EMIT_LOC_STRINGS = NO;
				SWIFT_VERSION = 5.0;
				TARGETED_DEVICE_FAMILY = "1,2";
				TEST_TARGET_NAME = eDiary_iOS;
			};
			name = Debug;
		};
		209E52C82B85E401009B1760 /* Release */ = {
			isa = XCBuildConfiguration;
			buildSettings = {
				ALWAYS_EMBED_SWIFT_STANDARD_LIBRARIES = YES;
				CODE_SIGN_STYLE = Automatic;
				CURRENT_PROJECT_VERSION = 1;
				DEVELOPMENT_TEAM = 6LP5U8F7VW;
				GENERATE_INFOPLIST_FILE = YES;
				MARKETING_VERSION = 1.0;
				PRODUCT_BUNDLE_IDENTIFIER = "com.kingoapps.eDiary-iOSUITests";
				PRODUCT_NAME = "$(TARGET_NAME)";
				SWIFT_EMIT_LOC_STRINGS = NO;
				SWIFT_VERSION = 5.0;
				TARGETED_DEVICE_FAMILY = "1,2";
				TEST_TARGET_NAME = eDiary_iOS;
			};
			name = Release;
		};
/* End XCBuildConfiguration section */

/* Begin XCConfigurationList section */
		209E52972B85E400009B1760 /* Build configuration list for PBXProject "eDiary_iOS" */ = {
			isa = XCConfigurationList;
			buildConfigurations = (
				209E52BE2B85E401009B1760 /* Debug */,
				209E52BF2B85E401009B1760 /* Release */,
			);
			defaultConfigurationIsVisible = 0;
			defaultConfigurationName = Release;
		};
		209E52C02B85E401009B1760 /* Build configuration list for PBXNativeTarget "eDiary_iOS" */ = {
			isa = XCConfigurationList;
			buildConfigurations = (
				209E52C12B85E401009B1760 /* Debug */,
				209E52C22B85E401009B1760 /* Release */,
			);
			defaultConfigurationIsVisible = 0;
			defaultConfigurationName = Release;
		};
		209E52C32B85E401009B1760 /* Build configuration list for PBXNativeTarget "eDiary_iOSTests" */ = {
			isa = XCConfigurationList;
			buildConfigurations = (
				209E52C42B85E401009B1760 /* Debug */,
				209E52C52B85E401009B1760 /* Release */,
			);
			defaultConfigurationIsVisible = 0;
			defaultConfigurationName = Release;
		};
		209E52C62B85E401009B1760 /* Build configuration list for PBXNativeTarget "eDiary_iOSUITests" */ = {
			isa = XCConfigurationList;
			buildConfigurations = (
				209E52C72B85E401009B1760 /* Debug */,
				209E52C82B85E401009B1760 /* Release */,
			);
			defaultConfigurationIsVisible = 0;
			defaultConfigurationName = Release;
		};
/* End XCConfigurationList section */
	};
	rootObject = 209E52942B85E400009B1760 /* Project object */;
}
